
Microsoft Visual Studio Solution File, Format Version 12.00
# Visual Studio Version 16
VisualStudioVersion = 16.0.33328.57
MinimumVisualStudioVersion = 10.0.40219.1
Project("{8BC9CEB8-8B4A-11D0-8D11-00A0C91BC942}") = "PyRx24", "PyRx\PyRx24.vcxproj", "{254ED7F5-4891-44D2-A6BD-F5B3891CCCBF}"
EndProject
Project("{8BC9CEB8-8B4A-11D0-8D11-00A0C91BC942}") = "PyRxV23", "PyRx\PyRxV23.vcxproj", "{B1E8102E-6DF9-45E9-8C03-A70FDCD939AD}"
EndProject
Project("{8BC9CEB8-8B4A-11D0-8D11-00A0C91BC942}") = "PyRxG23", "PyRx\PyRxG23.vcxproj", "{254ED7F5-4891-44D2-A6BD-F5B3891CCCCF}"
EndProject
Project("{8BC9CEB8-8B4A-11D0-8D11-00A0C91BC942}") = "PyRxZ23", "PyRx\PyRxZ23.vcxproj", "{254ED7F5-4891-44D2-A6BD-F5B3891CCCFF}"
EndProject
Project("{54435603-DBB4-11D2-8724-00A0C9A8B90C}") = "PyRxSetup", "PyRxSetup\PyRxSetup.vdproj", "{1EA1BA00-4857-45D9-91F4-D0E1CC641062}"
	ProjectSection(ProjectDependencies) = postProject
		{0E9D9CE9-1030-4CE7-BD55-420D1EF83708} = {0E9D9CE9-1030-4CE7-BD55-420D1EF83708}
	EndProjectSection
EndProject
Project("{8BC9CEB8-8B4A-11D0-8D11-00A0C91BC942}") = "RxInstall", "RxInstall\RxInstall.vcxproj", "{0E9D9CE9-1030-4CE7-BD55-420D1EF83708}"
EndProject
Global
	GlobalSection(SolutionConfigurationPlatforms) = preSolution
		Debug|x64 = Debug|x64
		Debug|x86 = Debug|x86
		Release|x64 = Release|x64
		Release|x86 = Release|x86
	EndGlobalSection
	GlobalSection(ProjectConfigurationPlatforms) = postSolution
		{254ED7F5-4891-44D2-A6BD-F5B3891CCCBF}.Debug|x64.ActiveCfg = Debug|x64
		{254ED7F5-4891-44D2-A6BD-F5B3891CCCBF}.Debug|x64.Build.0 = Debug|x64
		{254ED7F5-4891-44D2-A6BD-F5B3891CCCBF}.Debug|x86.ActiveCfg = Debug|x64
		{254ED7F5-4891-44D2-A6BD-F5B3891CCCBF}.Release|x64.ActiveCfg = Release|x64
		{254ED7F5-4891-44D2-A6BD-F5B3891CCCBF}.Release|x64.Build.0 = Release|x64
		{254ED7F5-4891-44D2-A6BD-F5B3891CCCBF}.Release|x86.ActiveCfg = Release|x64
		{B1E8102E-6DF9-45E9-8C03-A70FDCD939AD}.Debug|x64.ActiveCfg = Debug|x64
		{B1E8102E-6DF9-45E9-8C03-A70FDCD939AD}.Debug|x64.Build.0 = Debug|x64
		{B1E8102E-6DF9-45E9-8C03-A70FDCD939AD}.Debug|x86.ActiveCfg = Debug|x64
		{B1E8102E-6DF9-45E9-8C03-A70FDCD939AD}.Release|x64.ActiveCfg = Release|x64
		{B1E8102E-6DF9-45E9-8C03-A70FDCD939AD}.Release|x64.Build.0 = Release|x64
		{B1E8102E-6DF9-45E9-8C03-A70FDCD939AD}.Release|x86.ActiveCfg = Release|x64
		{254ED7F5-4891-44D2-A6BD-F5B3891CCCCF}.Debug|x64.ActiveCfg = Debug|x64
		{254ED7F5-4891-44D2-A6BD-F5B3891CCCCF}.Debug|x86.ActiveCfg = Debug|x64
		{254ED7F5-4891-44D2-A6BD-F5B3891CCCCF}.Release|x64.ActiveCfg = Release|x64
		{254ED7F5-4891-44D2-A6BD-F5B3891CCCCF}.Release|x86.ActiveCfg = Release|x64
		{254ED7F5-4891-44D2-A6BD-F5B3891CCCFF}.Debug|x64.ActiveCfg = Debug|x64
		{254ED7F5-4891-44D2-A6BD-F5B3891CCCFF}.Debug|x64.Build.0 = Debug|x64
		{254ED7F5-4891-44D2-A6BD-F5B3891CCCFF}.Debug|x86.ActiveCfg = Debug|x64
		{254ED7F5-4891-44D2-A6BD-F5B3891CCCFF}.Release|x64.ActiveCfg = Release|x64
		{254ED7F5-4891-44D2-A6BD-F5B3891CCCFF}.Release|x64.Build.0 = Release|x64
		{254ED7F5-4891-44D2-A6BD-F5B3891CCCFF}.Release|x86.ActiveCfg = Release|x64
		{1EA1BA00-4857-45D9-91F4-D0E1CC641062}.Debug|x64.ActiveCfg = Debug
		{1EA1BA00-4857-45D9-91F4-D0E1CC641062}.Debug|x86.ActiveCfg = Debug
		{1EA1BA00-4857-45D9-91F4-D0E1CC641062}.Debug|x86.Build.0 = Debug
		{1EA1BA00-4857-45D9-91F4-D0E1CC641062}.Release|x64.ActiveCfg = Release
		{1EA1BA00-4857-45D9-91F4-D0E1CC641062}.Release|x86.ActiveCfg = Release
		{1EA1BA00-4857-45D9-91F4-D0E1CC641062}.Release|x86.Build.0 = Release
		{0E9D9CE9-1030-4CE7-BD55-420D1EF83708}.Debug|x64.ActiveCfg = Debug|x64
		{0E9D9CE9-1030-4CE7-BD55-420D1EF83708}.Debug|x86.ActiveCfg = Debug|Win32
		{0E9D9CE9-1030-4CE7-BD55-420D1EF83708}.Debug|x86.Build.0 = Debug|Win32
		{0E9D9CE9-1030-4CE7-BD55-420D1EF83708}.Release|x64.ActiveCfg = Release|x64
		{0E9D9CE9-1030-4CE7-BD55-420D1EF83708}.Release|x64.Build.0 = Release|x64
		{0E9D9CE9-1030-4CE7-BD55-420D1EF83708}.Release|x86.ActiveCfg = Release|Win32
		{0E9D9CE9-1030-4CE7-BD55-420D1EF83708}.Release|x86.Build.0 = Release|Win32
	EndGlobalSection
	GlobalSection(SolutionProperties) = preSolution
		HideSolutionNode = FALSE
	EndGlobalSection
	GlobalSection(ExtensibilityGlobals) = postSolution
		SolutionGuid = {DEC88646-BCB0-4862-A494-3DEA7DBC96B4}
	EndGlobalSection
EndGlobal
