
Microsoft Visual Studio Solution File, Format Version 12.00
# Visual Studio Version 17
VisualStudioVersion = 17.7.34024.191
MinimumVisualStudioVersion = 10.0.40219.1
Project("{8BC9CEB8-8B4A-11D0-8D11-00A0C91BC942}") = "PyRx24.0", "PyRxCore\PyRx24.0.vcxproj", "{254ED7F5-4891-44D2-A6BD-F5B3891CCCBF}"
	ProjectSection(ProjectDependencies) = postProject
		{BAEDEC3C-2535-4885-B9B3-BEA490A8FDC6} = {BAEDEC3C-2535-4885-B9B3-BEA490A8FDC6}
	EndProjectSection
EndProject
Project("{8BC9CEB8-8B4A-11D0-8D11-00A0C91BC942}") = "PyRx24.1", "PyRxCore\PyRx24.1.vcxproj", "{48A60272-E506-4ED1-821D-D2A3562D4293}"
	ProjectSection(ProjectDependencies) = postProject
		{BAEDEC3C-2535-4885-B9B3-BEA490A8FDC6} = {BAEDEC3C-2535-4885-B9B3-BEA490A8FDC6}
	EndProjectSection
EndProject
Project("{8BC9CEB8-8B4A-11D0-8D11-00A0C91BC942}") = "PyRx24.2", "PyRxCore\PyRx24.2.vcxproj", "{EB9E576C-F834-4FDD-B8C6-815512D3C821}"
	ProjectSection(ProjectDependencies) = postProject
		{BAEDEC3C-2535-4885-B9B3-BEA490A8FDC6} = {BAEDEC3C-2535-4885-B9B3-BEA490A8FDC6}
	EndProjectSection
EndProject
Project("{8BC9CEB8-8B4A-11D0-8D11-00A0C91BC942}") = "PyRx24.3", "PyRxCore\PyRx24.3.vcxproj", "{6A54E0D3-8BBC-4F71-B700-42E03C617B0D}"
	ProjectSection(ProjectDependencies) = postProject
		{BAEDEC3C-2535-4885-B9B3-BEA490A8FDC6} = {BAEDEC3C-2535-4885-B9B3-BEA490A8FDC6}
	EndProjectSection
EndProject
Project("{8BC9CEB8-8B4A-11D0-8D11-00A0C91BC942}") = "PyRx25.0", "PyRxCore\PyRx25.0.vcxproj", "{254ED7F5-4891-44D2-A6BD-F5B3891CCCCF}"
	ProjectSection(ProjectDependencies) = postProject
		{BAEDEC3C-2535-4885-B9B3-BEA490A8FDC6} = {BAEDEC3C-2535-4885-B9B3-BEA490A8FDC6}
	EndProjectSection
EndProject
Project("{54435603-DBB4-11D2-8724-00A0C9A8B90C}") = "PyRxAcSetup", "PyRxAcSetup\PyRxAcSetup.vdproj", "{4D3A410A-C474-4F93-8737-748114201186}"
EndProject
Project("{8BC9CEB8-8B4A-11D0-8D11-00A0C91BC942}") = "PyRxZ24.0", "PyRxCore\PyRxZ24.0.vcxproj", "{254ED7F5-4891-44D2-A6BD-F5B3891ECCBF}"
	ProjectSection(ProjectDependencies) = postProject
		{BAEDEC3C-2535-4885-B9B3-BEA490A8FDC6} = {BAEDEC3C-2535-4885-B9B3-BEA490A8FDC6}
	EndProjectSection
EndProject
Project("{8BC9CEB8-8B4A-11D0-8D11-00A0C91BC942}") = "PyRxG24.0", "PyRxCore\PyRxG24.0.vcxproj", "{E81F2717-1C0F-4BA3-81D7-5505E57944B4}"
	ProjectSection(ProjectDependencies) = postProject
		{BAEDEC3C-2535-4885-B9B3-BEA490A8FDC6} = {BAEDEC3C-2535-4885-B9B3-BEA490A8FDC6}
	EndProjectSection
EndProject
Project("{8BC9CEB8-8B4A-11D0-8D11-00A0C91BC942}") = "PyRxV24.0", "PyRxCore\PyRxV24.0.vcxproj", "{254ED7F5-4891-44D2-B6BD-F5B3891DDDBF}"
	ProjectSection(ProjectDependencies) = postProject
		{BAEDEC3C-2535-4885-B9B3-BEA490A8FDC6} = {BAEDEC3C-2535-4885-B9B3-BEA490A8FDC6}
	EndProjectSection
EndProject
Project("{8BC9CEB8-8B4A-11D0-8D11-00A0C91BC942}") = "RxLoader25.0", "PyRxLoader\RxLoader25.0.vcxproj", "{F1B30806-B1CA-430C-A9A5-8D0626D18339}"
	ProjectSection(ProjectDependencies) = postProject
		{BAEDEC3C-2535-4885-B9B3-BEA490A8FDC6} = {BAEDEC3C-2535-4885-B9B3-BEA490A8FDC6}
	EndProjectSection
EndProject
Project("{8BC9CEB8-8B4A-11D0-8D11-00A0C91BC942}") = "RxLoader24.3", "PyRxLoader\RxLoader24.3.vcxproj", "{F1B30806-B1CA-430C-A9A5-8D0626D18300}"
	ProjectSection(ProjectDependencies) = postProject
		{BAEDEC3C-2535-4885-B9B3-BEA490A8FDC6} = {BAEDEC3C-2535-4885-B9B3-BEA490A8FDC6}
	EndProjectSection
EndProject
Project("{8BC9CEB8-8B4A-11D0-8D11-00A0C91BC942}") = "RxLoader24.0", "PyRxLoader\RxLoader24.0.vcxproj", "{F1B30806-B1CA-430C-A9A5-8D0626D18304}"
	ProjectSection(ProjectDependencies) = postProject
		{BAEDEC3C-2535-4885-B9B3-BEA490A8FDC6} = {BAEDEC3C-2535-4885-B9B3-BEA490A8FDC6}
	EndProjectSection
EndProject
Project("{8BC9CEB8-8B4A-11D0-8D11-00A0C91BC942}") = "RxLoader24.1", "PyRxLoader\RxLoader24.1.vcxproj", "{F1B30806-B1CA-430C-A9A5-8D0626D18302}"
	ProjectSection(ProjectDependencies) = postProject
		{BAEDEC3C-2535-4885-B9B3-BEA490A8FDC6} = {BAEDEC3C-2535-4885-B9B3-BEA490A8FDC6}
	EndProjectSection
EndProject
Project("{8BC9CEB8-8B4A-11D0-8D11-00A0C91BC942}") = "RxLoader24.2", "PyRxLoader\RxLoader24.2.vcxproj", "{F1B30806-B1CA-430C-A9A5-8D0626D18301}"
	ProjectSection(ProjectDependencies) = postProject
		{BAEDEC3C-2535-4885-B9B3-BEA490A8FDC6} = {BAEDEC3C-2535-4885-B9B3-BEA490A8FDC6}
	EndProjectSection
EndProject
Project("{8BC9CEB8-8B4A-11D0-8D11-00A0C91BC942}") = "RxLoaderG24.0", "PyRxLoader\RxLoaderG24.0.vcxproj", "{8290BBE7-4297-4E60-98EE-7BADA468AE9A}"
	ProjectSection(ProjectDependencies) = postProject
		{BAEDEC3C-2535-4885-B9B3-BEA490A8FDC6} = {BAEDEC3C-2535-4885-B9B3-BEA490A8FDC6}
	EndProjectSection
EndProject
Project("{8BC9CEB8-8B4A-11D0-8D11-00A0C91BC942}") = "RxLoaderV24.0", "PyRxLoader\RxLoaderV24.0.vcxproj", "{A217C0D2-3564-46DE-9B1E-3E6AEF8605A0}"
	ProjectSection(ProjectDependencies) = postProject
		{BAEDEC3C-2535-4885-B9B3-BEA490A8FDC6} = {BAEDEC3C-2535-4885-B9B3-BEA490A8FDC6}
	EndProjectSection
EndProject
Project("{8BC9CEB8-8B4A-11D0-8D11-00A0C91BC942}") = "RxLoaderZ24.0", "PyRxLoader\RxLoaderZ24.0.vcxproj", "{B4A8CCF5-B59C-4509-84BE-6F4CB29EBD0B}"
	ProjectSection(ProjectDependencies) = postProject
		{BAEDEC3C-2535-4885-B9B3-BEA490A8FDC6} = {BAEDEC3C-2535-4885-B9B3-BEA490A8FDC6}
	EndProjectSection
EndProject
Project("{8BC9CEB8-8B4A-11D0-8D11-00A0C91BC942}") = "PyRxZ25.0", "PyRxCore\PyRxZ25.0.vcxproj", "{254ED7F5-4891-44D2-A6BD-F5B3891ECDBF}"
	ProjectSection(ProjectDependencies) = postProject
		{BAEDEC3C-2535-4885-B9B3-BEA490A8FDC6} = {BAEDEC3C-2535-4885-B9B3-BEA490A8FDC6}
	EndProjectSection
EndProject
Project("{8BC9CEB8-8B4A-11D0-8D11-00A0C91BC942}") = "RxLoaderZ25.0", "PyRxLoader\RxLoaderZ25.0.vcxproj", "{B4A8CCF5-B59C-4509-84BE-6F4CB29EBD0C}"
	ProjectSection(ProjectDependencies) = postProject
		{BAEDEC3C-2535-4885-B9B3-BEA490A8FDC6} = {BAEDEC3C-2535-4885-B9B3-BEA490A8FDC6}
	EndProjectSection
EndProject
Project("{8BC9CEB8-8B4A-11D0-8D11-00A0C91BC942}") = "PyRxV25.0", "PyRxCore\PyRxV25.0.vcxproj", "{254ED7F5-4891-44D2-B6BD-F5B3891DDECF}"
	ProjectSection(ProjectDependencies) = postProject
		{BAEDEC3C-2535-4885-B9B3-BEA490A8FDC6} = {BAEDEC3C-2535-4885-B9B3-BEA490A8FDC6}
	EndProjectSection
EndProject
Project("{8BC9CEB8-8B4A-11D0-8D11-00A0C91BC942}") = "RxLoaderV25.0", "PyRxLoader\RxLoaderV25.0.vcxproj", "{A217C0D2-3564-46DE-9B1E-3E6AEF8605A1}"
	ProjectSection(ProjectDependencies) = postProject
		{BAEDEC3C-2535-4885-B9B3-BEA490A8FDC6} = {BAEDEC3C-2535-4885-B9B3-BEA490A8FDC6}
	EndProjectSection
EndProject
Project("{8BC9CEB8-8B4A-11D0-8D11-00A0C91BC942}") = "PyRxG25.0", "PyRxCore\PyRxG25.0.vcxproj", "{E81F2717-1C0F-4BA3-81D7-5505E57944B5}"
	ProjectSection(ProjectDependencies) = postProject
		{BAEDEC3C-2535-4885-B9B3-BEA490A8FDC6} = {BAEDEC3C-2535-4885-B9B3-BEA490A8FDC6}
	EndProjectSection
EndProject
Project("{8BC9CEB8-8B4A-11D0-8D11-00A0C91BC942}") = "RxLoaderG25.0", "PyRxLoader\RxLoaderG25.0.vcxproj", "{4FB1CB67-118B-4979-8849-54152CF7BBFC}"
	ProjectSection(ProjectDependencies) = postProject
		{BAEDEC3C-2535-4885-B9B3-BEA490A8FDC6} = {BAEDEC3C-2535-4885-B9B3-BEA490A8FDC6}
	EndProjectSection
EndProject
Project("{8BC9CEB8-8B4A-11D0-8D11-00A0C91BC942}") = "PyRx25.1", "PyRxCore\PyRx25.1.vcxproj", "{254ED7F5-4891-44D2-A6BD-F5B3891CCCDF}"
	ProjectSection(ProjectDependencies) = postProject
		{BAEDEC3C-2535-4885-B9B3-BEA490A8FDC6} = {BAEDEC3C-2535-4885-B9B3-BEA490A8FDC6}
	EndProjectSection
EndProject
Project("{8BC9CEB8-8B4A-11D0-8D11-00A0C91BC942}") = "RxLoader25.1", "PyRxLoader\RxLoader25.1.vcxproj", "{F1B30806-B1CA-430C-A9A5-8D0626D1833A}"
	ProjectSection(ProjectDependencies) = postProject
		{BAEDEC3C-2535-4885-B9B3-BEA490A8FDC6} = {BAEDEC3C-2535-4885-B9B3-BEA490A8FDC6}
	EndProjectSection
EndProject
Project("{8BC9CEB8-8B4A-11D0-8D11-00A0C91BC942}") = "PyRxZ26.0", "PyRxCore\PyRxZ26.0.vcxproj", "{254ED7F5-4891-44D2-A6BD-F5B3891EDDBF}"
	ProjectSection(ProjectDependencies) = postProject
		{BAEDEC3C-2535-4885-B9B3-BEA490A8FDC6} = {BAEDEC3C-2535-4885-B9B3-BEA490A8FDC6}
	EndProjectSection
EndProject
Project("{8BC9CEB8-8B4A-11D0-8D11-00A0C91BC942}") = "RxLoaderZ26.0", "PyRxLoader\RxLoaderZ26.0.vcxproj", "{B4A8CCF5-B59C-4509-84BE-6F4CB29EBD0D}"
	ProjectSection(ProjectDependencies) = postProject
		{BAEDEC3C-2535-4885-B9B3-BEA490A8FDC6} = {BAEDEC3C-2535-4885-B9B3-BEA490A8FDC6}
	EndProjectSection
EndProject
Project("{8BC9CEB8-8B4A-11D0-8D11-00A0C91BC942}") = "PyRxG26.0", "PyRxCore\PyRxG26.0.vcxproj", "{E81F2717-1C0F-4BA3-81D7-5505E57944B6}"
	ProjectSection(ProjectDependencies) = postProject
		{BAEDEC3C-2535-4885-B9B3-BEA490A8FDC6} = {BAEDEC3C-2535-4885-B9B3-BEA490A8FDC6}
	EndProjectSection
EndProject
Project("{8BC9CEB8-8B4A-11D0-8D11-00A0C91BC942}") = "RxLoaderG26.0", "PyRxLoader\RxLoaderG26.0.vcxproj", "{4FB1CB67-118B-4979-8849-54152CF7BBFD}"
	ProjectSection(ProjectDependencies) = postProject
		{BAEDEC3C-2535-4885-B9B3-BEA490A8FDC6} = {BAEDEC3C-2535-4885-B9B3-BEA490A8FDC6}
	EndProjectSection
EndProject
Project("{8BC9CEB8-8B4A-11D0-8D11-00A0C91BC942}") = "Version", "Version\Version.vcxproj", "{BAEDEC3C-2535-4885-B9B3-BEA490A8FDC6}"
EndProject
Project("{8BC9CEB8-8B4A-11D0-8D11-00A0C91BC942}") = "PyRxV26.0", "PyRxCore\PyRxV26.0.vcxproj", "{254ED7F5-4891-44D2-B6BD-F5B3891DDFCF}"
EndProject
Project("{8BC9CEB8-8B4A-11D0-8D11-00A0C91BC942}") = "RxLoaderV26.0", "PyRxLoader\RxLoaderV26.0.vcxproj", "{A217C0D2-3564-46DE-9B1E-3E6AEF8605A2}"
EndProject
Project("{8BC9CEB8-8B4A-11D0-8D11-00A0C91BC942}") = "PyRx26.0", "PyRxCore\PyRx26.0.vcxproj", "{BB29F043-6BEF-45A8-92D2-1819ECA0CFAF}"
EndProject
Project("{8BC9CEB8-8B4A-11D0-8D11-00A0C91BC942}") = "RxLoader26.0", "PyRxLoader\RxLoader26.0.vcxproj", "{37C2A9A8-D2CF-46A0-82FC-5537AD5BA87F}"
EndProject
Project("{8BC9CEB8-8B4A-11D0-8D11-00A0C91BC942}") = "PyRxI14.1", "PyRxCore\PyRxI14.1.vcxproj", "{5C2C5E9B-E988-4742-8EE2-33DB6299E8D6}"
EndProject
Project("{8BC9CEB8-8B4A-11D0-8D11-00A0C91BC942}") = "RxLoaderI14.1", "PyRxLoader\RxLoaderI14.1.vcxproj", "{37B166F4-537E-4EE9-B5A0-B8768AF06414}"
EndProject
Global
	GlobalSection(SolutionConfigurationPlatforms) = preSolution
		Debug|x64 = Debug|x64
		Debug|x86 = Debug|x86
		Release|x64 = Release|x64
		Release|x86 = Release|x86
	EndGlobalSection
	GlobalSection(ProjectConfigurationPlatforms) = postSolution
		{254ED7F5-4891-44D2-A6BD-F5B3891CCCBF}.Debug|x64.ActiveCfg = Debug|x64
		{254ED7F5-4891-44D2-A6BD-F5B3891CCCBF}.Debug|x64.Build.0 = Debug|x64
		{254ED7F5-4891-44D2-A6BD-F5B3891CCCBF}.Debug|x86.ActiveCfg = Debug|x64
		{254ED7F5-4891-44D2-A6BD-F5B3891CCCBF}.Release|x64.ActiveCfg = Release|x64
		{254ED7F5-4891-44D2-A6BD-F5B3891CCCBF}.Release|x64.Build.0 = Release|x64
		{254ED7F5-4891-44D2-A6BD-F5B3891CCCBF}.Release|x86.ActiveCfg = Release|x64
		{48A60272-E506-4ED1-821D-D2A3562D4293}.Debug|x64.ActiveCfg = Debug|x64
		{48A60272-E506-4ED1-821D-D2A3562D4293}.Debug|x64.Build.0 = Debug|x64
		{48A60272-E506-4ED1-821D-D2A3562D4293}.Debug|x86.ActiveCfg = Debug|x64
		{48A60272-E506-4ED1-821D-D2A3562D4293}.Debug|x86.Build.0 = Debug|x64
		{48A60272-E506-4ED1-821D-D2A3562D4293}.Release|x64.ActiveCfg = Release|x64
		{48A60272-E506-4ED1-821D-D2A3562D4293}.Release|x64.Build.0 = Release|x64
		{48A60272-E506-4ED1-821D-D2A3562D4293}.Release|x86.ActiveCfg = Release|x64
		{48A60272-E506-4ED1-821D-D2A3562D4293}.Release|x86.Build.0 = Release|x64
		{EB9E576C-F834-4FDD-B8C6-815512D3C821}.Debug|x64.ActiveCfg = Debug|x64
		{EB9E576C-F834-4FDD-B8C6-815512D3C821}.Debug|x64.Build.0 = Debug|x64
		{EB9E576C-F834-4FDD-B8C6-815512D3C821}.Debug|x86.ActiveCfg = Debug|x64
		{EB9E576C-F834-4FDD-B8C6-815512D3C821}.Debug|x86.Build.0 = Debug|x64
		{EB9E576C-F834-4FDD-B8C6-815512D3C821}.Release|x64.ActiveCfg = Release|x64
		{EB9E576C-F834-4FDD-B8C6-815512D3C821}.Release|x64.Build.0 = Release|x64
		{EB9E576C-F834-4FDD-B8C6-815512D3C821}.Release|x86.ActiveCfg = Release|x64
		{EB9E576C-F834-4FDD-B8C6-815512D3C821}.Release|x86.Build.0 = Release|x64
		{6A54E0D3-8BBC-4F71-B700-42E03C617B0D}.Debug|x64.ActiveCfg = Debug|x64
		{6A54E0D3-8BBC-4F71-B700-42E03C617B0D}.Debug|x64.Build.0 = Debug|x64
		{6A54E0D3-8BBC-4F71-B700-42E03C617B0D}.Debug|x86.ActiveCfg = Debug|x64
		{6A54E0D3-8BBC-4F71-B700-42E03C617B0D}.Debug|x86.Build.0 = Debug|x64
		{6A54E0D3-8BBC-4F71-B700-42E03C617B0D}.Release|x64.ActiveCfg = Release|x64
		{6A54E0D3-8BBC-4F71-B700-42E03C617B0D}.Release|x64.Build.0 = Release|x64
		{6A54E0D3-8BBC-4F71-B700-42E03C617B0D}.Release|x86.ActiveCfg = Release|x64
		{6A54E0D3-8BBC-4F71-B700-42E03C617B0D}.Release|x86.Build.0 = Release|x64
		{254ED7F5-4891-44D2-A6BD-F5B3891CCCCF}.Debug|x64.ActiveCfg = Debug|x64
		{254ED7F5-4891-44D2-A6BD-F5B3891CCCCF}.Debug|x64.Build.0 = Debug|x64
		{254ED7F5-4891-44D2-A6BD-F5B3891CCCCF}.Debug|x86.ActiveCfg = Debug|x64
		{254ED7F5-4891-44D2-A6BD-F5B3891CCCCF}.Debug|x86.Build.0 = Debug|x64
		{254ED7F5-4891-44D2-A6BD-F5B3891CCCCF}.Release|x64.ActiveCfg = Release|x64
		{254ED7F5-4891-44D2-A6BD-F5B3891CCCCF}.Release|x64.Build.0 = Release|x64
		{254ED7F5-4891-44D2-A6BD-F5B3891CCCCF}.Release|x86.ActiveCfg = Release|x64
		{254ED7F5-4891-44D2-A6BD-F5B3891CCCCF}.Release|x86.Build.0 = Release|x64
		{4D3A410A-C474-4F93-8737-748114201186}.Debug|x64.ActiveCfg = Debug
		{4D3A410A-C474-4F93-8737-748114201186}.Debug|x86.ActiveCfg = Debug
		{4D3A410A-C474-4F93-8737-748114201186}.Debug|x86.Build.0 = Debug
		{4D3A410A-C474-4F93-8737-748114201186}.Release|x64.ActiveCfg = Release
		{4D3A410A-C474-4F93-8737-748114201186}.Release|x86.ActiveCfg = Release
		{4D3A410A-C474-4F93-8737-748114201186}.Release|x86.Build.0 = Release
		{254ED7F5-4891-44D2-A6BD-F5B3891ECCBF}.Debug|x64.ActiveCfg = Debug|x64
		{254ED7F5-4891-44D2-A6BD-F5B3891ECCBF}.Debug|x64.Build.0 = Debug|x64
		{254ED7F5-4891-44D2-A6BD-F5B3891ECCBF}.Debug|x86.ActiveCfg = Debug|x64
		{254ED7F5-4891-44D2-A6BD-F5B3891ECCBF}.Debug|x86.Build.0 = Debug|x64
		{254ED7F5-4891-44D2-A6BD-F5B3891ECCBF}.Release|x64.ActiveCfg = Release|x64
		{254ED7F5-4891-44D2-A6BD-F5B3891ECCBF}.Release|x64.Build.0 = Release|x64
		{254ED7F5-4891-44D2-A6BD-F5B3891ECCBF}.Release|x86.ActiveCfg = Release|x64
		{254ED7F5-4891-44D2-A6BD-F5B3891ECCBF}.Release|x86.Build.0 = Release|x64
		{E81F2717-1C0F-4BA3-81D7-5505E57944B4}.Debug|x64.ActiveCfg = Debug|x64
		{E81F2717-1C0F-4BA3-81D7-5505E57944B4}.Debug|x64.Build.0 = Debug|x64
		{E81F2717-1C0F-4BA3-81D7-5505E57944B4}.Debug|x86.ActiveCfg = Debug|x64
		{E81F2717-1C0F-4BA3-81D7-5505E57944B4}.Debug|x86.Build.0 = Debug|x64
		{E81F2717-1C0F-4BA3-81D7-5505E57944B4}.Release|x64.ActiveCfg = Release|x64
		{E81F2717-1C0F-4BA3-81D7-5505E57944B4}.Release|x64.Build.0 = Release|x64
		{E81F2717-1C0F-4BA3-81D7-5505E57944B4}.Release|x86.ActiveCfg = Release|x64
		{E81F2717-1C0F-4BA3-81D7-5505E57944B4}.Release|x86.Build.0 = Release|x64
		{254ED7F5-4891-44D2-B6BD-F5B3891DDDBF}.Debug|x64.ActiveCfg = Debug|x64
		{254ED7F5-4891-44D2-B6BD-F5B3891DDDBF}.Debug|x64.Build.0 = Debug|x64
		{254ED7F5-4891-44D2-B6BD-F5B3891DDDBF}.Debug|x86.ActiveCfg = Debug|x64
		{254ED7F5-4891-44D2-B6BD-F5B3891DDDBF}.Debug|x86.Build.0 = Debug|x64
		{254ED7F5-4891-44D2-B6BD-F5B3891DDDBF}.Release|x64.ActiveCfg = Release|x64
		{254ED7F5-4891-44D2-B6BD-F5B3891DDDBF}.Release|x64.Build.0 = Release|x64
		{254ED7F5-4891-44D2-B6BD-F5B3891DDDBF}.Release|x86.ActiveCfg = Release|x64
		{254ED7F5-4891-44D2-B6BD-F5B3891DDDBF}.Release|x86.Build.0 = Release|x64
		{F1B30806-B1CA-430C-A9A5-8D0626D18339}.Debug|x64.ActiveCfg = Debug|x64
		{F1B30806-B1CA-430C-A9A5-8D0626D18339}.Debug|x64.Build.0 = Debug|x64
		{F1B30806-B1CA-430C-A9A5-8D0626D18339}.Debug|x86.ActiveCfg = Debug|x64
		{F1B30806-B1CA-430C-A9A5-8D0626D18339}.Debug|x86.Build.0 = Debug|x64
		{F1B30806-B1CA-430C-A9A5-8D0626D18339}.Release|x64.ActiveCfg = Release|x64
		{F1B30806-B1CA-430C-A9A5-8D0626D18339}.Release|x64.Build.0 = Release|x64
		{F1B30806-B1CA-430C-A9A5-8D0626D18339}.Release|x86.ActiveCfg = Release|x64
		{F1B30806-B1CA-430C-A9A5-8D0626D18339}.Release|x86.Build.0 = Release|x64
		{F1B30806-B1CA-430C-A9A5-8D0626D18300}.Debug|x64.ActiveCfg = Debug|x64
		{F1B30806-B1CA-430C-A9A5-8D0626D18300}.Debug|x64.Build.0 = Debug|x64
		{F1B30806-B1CA-430C-A9A5-8D0626D18300}.Debug|x86.ActiveCfg = Debug|x64
		{F1B30806-B1CA-430C-A9A5-8D0626D18300}.Debug|x86.Build.0 = Debug|x64
		{F1B30806-B1CA-430C-A9A5-8D0626D18300}.Release|x64.ActiveCfg = Release|x64
		{F1B30806-B1CA-430C-A9A5-8D0626D18300}.Release|x64.Build.0 = Release|x64
		{F1B30806-B1CA-430C-A9A5-8D0626D18300}.Release|x86.ActiveCfg = Release|x64
		{F1B30806-B1CA-430C-A9A5-8D0626D18300}.Release|x86.Build.0 = Release|x64
		{F1B30806-B1CA-430C-A9A5-8D0626D18304}.Debug|x64.ActiveCfg = Debug|x64
		{F1B30806-B1CA-430C-A9A5-8D0626D18304}.Debug|x64.Build.0 = Debug|x64
		{F1B30806-B1CA-430C-A9A5-8D0626D18304}.Debug|x86.ActiveCfg = Debug|x64
		{F1B30806-B1CA-430C-A9A5-8D0626D18304}.Debug|x86.Build.0 = Debug|x64
		{F1B30806-B1CA-430C-A9A5-8D0626D18304}.Release|x64.ActiveCfg = Release|x64
		{F1B30806-B1CA-430C-A9A5-8D0626D18304}.Release|x64.Build.0 = Release|x64
		{F1B30806-B1CA-430C-A9A5-8D0626D18304}.Release|x86.ActiveCfg = Release|x64
		{F1B30806-B1CA-430C-A9A5-8D0626D18304}.Release|x86.Build.0 = Release|x64
		{F1B30806-B1CA-430C-A9A5-8D0626D18302}.Debug|x64.ActiveCfg = Debug|x64
		{F1B30806-B1CA-430C-A9A5-8D0626D18302}.Debug|x64.Build.0 = Debug|x64
		{F1B30806-B1CA-430C-A9A5-8D0626D18302}.Debug|x86.ActiveCfg = Debug|x64
		{F1B30806-B1CA-430C-A9A5-8D0626D18302}.Debug|x86.Build.0 = Debug|x64
		{F1B30806-B1CA-430C-A9A5-8D0626D18302}.Release|x64.ActiveCfg = Release|x64
		{F1B30806-B1CA-430C-A9A5-8D0626D18302}.Release|x64.Build.0 = Release|x64
		{F1B30806-B1CA-430C-A9A5-8D0626D18302}.Release|x86.ActiveCfg = Release|x64
		{F1B30806-B1CA-430C-A9A5-8D0626D18302}.Release|x86.Build.0 = Release|x64
		{F1B30806-B1CA-430C-A9A5-8D0626D18301}.Debug|x64.ActiveCfg = Debug|x64
		{F1B30806-B1CA-430C-A9A5-8D0626D18301}.Debug|x64.Build.0 = Debug|x64
		{F1B30806-B1CA-430C-A9A5-8D0626D18301}.Debug|x86.ActiveCfg = Debug|x64
		{F1B30806-B1CA-430C-A9A5-8D0626D18301}.Debug|x86.Build.0 = Debug|x64
		{F1B30806-B1CA-430C-A9A5-8D0626D18301}.Release|x64.ActiveCfg = Release|x64
		{F1B30806-B1CA-430C-A9A5-8D0626D18301}.Release|x64.Build.0 = Release|x64
		{F1B30806-B1CA-430C-A9A5-8D0626D18301}.Release|x86.ActiveCfg = Release|x64
		{F1B30806-B1CA-430C-A9A5-8D0626D18301}.Release|x86.Build.0 = Release|x64
		{8290BBE7-4297-4E60-98EE-7BADA468AE9A}.Debug|x64.ActiveCfg = Debug|x64
		{8290BBE7-4297-4E60-98EE-7BADA468AE9A}.Debug|x64.Build.0 = Debug|x64
		{8290BBE7-4297-4E60-98EE-7BADA468AE9A}.Debug|x86.ActiveCfg = Debug|x64
		{8290BBE7-4297-4E60-98EE-7BADA468AE9A}.Debug|x86.Build.0 = Debug|x64
		{8290BBE7-4297-4E60-98EE-7BADA468AE9A}.Release|x64.ActiveCfg = Release|x64
		{8290BBE7-4297-4E60-98EE-7BADA468AE9A}.Release|x64.Build.0 = Release|x64
		{8290BBE7-4297-4E60-98EE-7BADA468AE9A}.Release|x86.ActiveCfg = Release|x64
		{8290BBE7-4297-4E60-98EE-7BADA468AE9A}.Release|x86.Build.0 = Release|x64
		{A217C0D2-3564-46DE-9B1E-3E6AEF8605A0}.Debug|x64.ActiveCfg = Debug|x64
		{A217C0D2-3564-46DE-9B1E-3E6AEF8605A0}.Debug|x64.Build.0 = Debug|x64
		{A217C0D2-3564-46DE-9B1E-3E6AEF8605A0}.Debug|x86.ActiveCfg = Debug|x64
		{A217C0D2-3564-46DE-9B1E-3E6AEF8605A0}.Debug|x86.Build.0 = Debug|x64
		{A217C0D2-3564-46DE-9B1E-3E6AEF8605A0}.Release|x64.ActiveCfg = Release|x64
		{A217C0D2-3564-46DE-9B1E-3E6AEF8605A0}.Release|x64.Build.0 = Release|x64
		{A217C0D2-3564-46DE-9B1E-3E6AEF8605A0}.Release|x86.ActiveCfg = Release|x64
		{A217C0D2-3564-46DE-9B1E-3E6AEF8605A0}.Release|x86.Build.0 = Release|x64
		{B4A8CCF5-B59C-4509-84BE-6F4CB29EBD0B}.Debug|x64.ActiveCfg = Debug|x64
		{B4A8CCF5-B59C-4509-84BE-6F4CB29EBD0B}.Debug|x64.Build.0 = Debug|x64
		{B4A8CCF5-B59C-4509-84BE-6F4CB29EBD0B}.Debug|x86.ActiveCfg = Debug|x64
		{B4A8CCF5-B59C-4509-84BE-6F4CB29EBD0B}.Debug|x86.Build.0 = Debug|x64
		{B4A8CCF5-B59C-4509-84BE-6F4CB29EBD0B}.Release|x64.ActiveCfg = Release|x64
		{B4A8CCF5-B59C-4509-84BE-6F4CB29EBD0B}.Release|x64.Build.0 = Release|x64
		{B4A8CCF5-B59C-4509-84BE-6F4CB29EBD0B}.Release|x86.ActiveCfg = Release|x64
		{B4A8CCF5-B59C-4509-84BE-6F4CB29EBD0B}.Release|x86.Build.0 = Release|x64
		{254ED7F5-4891-44D2-A6BD-F5B3891ECDBF}.Debug|x64.ActiveCfg = Debug|x64
		{254ED7F5-4891-44D2-A6BD-F5B3891ECDBF}.Debug|x64.Build.0 = Debug|x64
		{254ED7F5-4891-44D2-A6BD-F5B3891ECDBF}.Debug|x86.ActiveCfg = Debug|x64
		{254ED7F5-4891-44D2-A6BD-F5B3891ECDBF}.Debug|x86.Build.0 = Debug|x64
		{254ED7F5-4891-44D2-A6BD-F5B3891ECDBF}.Release|x64.ActiveCfg = Release|x64
		{254ED7F5-4891-44D2-A6BD-F5B3891ECDBF}.Release|x64.Build.0 = Release|x64
		{254ED7F5-4891-44D2-A6BD-F5B3891ECDBF}.Release|x86.ActiveCfg = Release|x64
		{254ED7F5-4891-44D2-A6BD-F5B3891ECDBF}.Release|x86.Build.0 = Release|x64
		{B4A8CCF5-B59C-4509-84BE-6F4CB29EBD0C}.Debug|x64.ActiveCfg = Debug|x64
		{B4A8CCF5-B59C-4509-84BE-6F4CB29EBD0C}.Debug|x64.Build.0 = Debug|x64
		{B4A8CCF5-B59C-4509-84BE-6F4CB29EBD0C}.Debug|x86.ActiveCfg = Debug|x64
		{B4A8CCF5-B59C-4509-84BE-6F4CB29EBD0C}.Debug|x86.Build.0 = Debug|x64
		{B4A8CCF5-B59C-4509-84BE-6F4CB29EBD0C}.Release|x64.ActiveCfg = Release|x64
		{B4A8CCF5-B59C-4509-84BE-6F4CB29EBD0C}.Release|x64.Build.0 = Release|x64
		{B4A8CCF5-B59C-4509-84BE-6F4CB29EBD0C}.Release|x86.ActiveCfg = Release|x64
		{B4A8CCF5-B59C-4509-84BE-6F4CB29EBD0C}.Release|x86.Build.0 = Release|x64
		{254ED7F5-4891-44D2-B6BD-F5B3891DDECF}.Debug|x64.ActiveCfg = Debug|x64
		{254ED7F5-4891-44D2-B6BD-F5B3891DDECF}.Debug|x64.Build.0 = Debug|x64
		{254ED7F5-4891-44D2-B6BD-F5B3891DDECF}.Debug|x86.ActiveCfg = Debug|x64
		{254ED7F5-4891-44D2-B6BD-F5B3891DDECF}.Debug|x86.Build.0 = Debug|x64
		{254ED7F5-4891-44D2-B6BD-F5B3891DDECF}.Release|x64.ActiveCfg = Release|x64
		{254ED7F5-4891-44D2-B6BD-F5B3891DDECF}.Release|x64.Build.0 = Release|x64
		{254ED7F5-4891-44D2-B6BD-F5B3891DDECF}.Release|x86.ActiveCfg = Release|x64
		{254ED7F5-4891-44D2-B6BD-F5B3891DDECF}.Release|x86.Build.0 = Release|x64
		{A217C0D2-3564-46DE-9B1E-3E6AEF8605A1}.Debug|x64.ActiveCfg = Debug|x64
		{A217C0D2-3564-46DE-9B1E-3E6AEF8605A1}.Debug|x64.Build.0 = Debug|x64
		{A217C0D2-3564-46DE-9B1E-3E6AEF8605A1}.Debug|x86.ActiveCfg = Debug|x64
		{A217C0D2-3564-46DE-9B1E-3E6AEF8605A1}.Debug|x86.Build.0 = Debug|x64
		{A217C0D2-3564-46DE-9B1E-3E6AEF8605A1}.Release|x64.ActiveCfg = Release|x64
		{A217C0D2-3564-46DE-9B1E-3E6AEF8605A1}.Release|x64.Build.0 = Release|x64
		{A217C0D2-3564-46DE-9B1E-3E6AEF8605A1}.Release|x86.ActiveCfg = Release|x64
		{A217C0D2-3564-46DE-9B1E-3E6AEF8605A1}.Release|x86.Build.0 = Release|x64
		{E81F2717-1C0F-4BA3-81D7-5505E57944B5}.Debug|x64.ActiveCfg = Debug|x64
		{E81F2717-1C0F-4BA3-81D7-5505E57944B5}.Debug|x64.Build.0 = Debug|x64
		{E81F2717-1C0F-4BA3-81D7-5505E57944B5}.Debug|x86.ActiveCfg = Debug|x64
		{E81F2717-1C0F-4BA3-81D7-5505E57944B5}.Debug|x86.Build.0 = Debug|x64
		{E81F2717-1C0F-4BA3-81D7-5505E57944B5}.Release|x64.ActiveCfg = Release|x64
		{E81F2717-1C0F-4BA3-81D7-5505E57944B5}.Release|x64.Build.0 = Release|x64
		{E81F2717-1C0F-4BA3-81D7-5505E57944B5}.Release|x86.ActiveCfg = Release|x64
		{E81F2717-1C0F-4BA3-81D7-5505E57944B5}.Release|x86.Build.0 = Release|x64
		{4FB1CB67-118B-4979-8849-54152CF7BBFC}.Debug|x64.ActiveCfg = Debug|x64
		{4FB1CB67-118B-4979-8849-54152CF7BBFC}.Debug|x64.Build.0 = Debug|x64
		{4FB1CB67-118B-4979-8849-54152CF7BBFC}.Debug|x86.ActiveCfg = Debug|x64
		{4FB1CB67-118B-4979-8849-54152CF7BBFC}.Debug|x86.Build.0 = Debug|x64
		{4FB1CB67-118B-4979-8849-54152CF7BBFC}.Release|x64.ActiveCfg = Release|x64
		{4FB1CB67-118B-4979-8849-54152CF7BBFC}.Release|x64.Build.0 = Release|x64
		{4FB1CB67-118B-4979-8849-54152CF7BBFC}.Release|x86.ActiveCfg = Release|x64
		{4FB1CB67-118B-4979-8849-54152CF7BBFC}.Release|x86.Build.0 = Release|x64
		{254ED7F5-4891-44D2-A6BD-F5B3891CCCDF}.Debug|x64.ActiveCfg = Debug|x64
		{254ED7F5-4891-44D2-A6BD-F5B3891CCCDF}.Debug|x64.Build.0 = Debug|x64
		{254ED7F5-4891-44D2-A6BD-F5B3891CCCDF}.Debug|x86.ActiveCfg = Debug|x64
		{254ED7F5-4891-44D2-A6BD-F5B3891CCCDF}.Debug|x86.Build.0 = Debug|x64
		{254ED7F5-4891-44D2-A6BD-F5B3891CCCDF}.Release|x64.ActiveCfg = Release|x64
		{254ED7F5-4891-44D2-A6BD-F5B3891CCCDF}.Release|x64.Build.0 = Release|x64
		{254ED7F5-4891-44D2-A6BD-F5B3891CCCDF}.Release|x86.ActiveCfg = Release|x64
		{254ED7F5-4891-44D2-A6BD-F5B3891CCCDF}.Release|x86.Build.0 = Release|x64
		{F1B30806-B1CA-430C-A9A5-8D0626D1833A}.Debug|x64.ActiveCfg = Debug|x64
		{F1B30806-B1CA-430C-A9A5-8D0626D1833A}.Debug|x64.Build.0 = Debug|x64
		{F1B30806-B1CA-430C-A9A5-8D0626D1833A}.Debug|x86.ActiveCfg = Debug|x64
		{F1B30806-B1CA-430C-A9A5-8D0626D1833A}.Debug|x86.Build.0 = Debug|x64
		{F1B30806-B1CA-430C-A9A5-8D0626D1833A}.Release|x64.ActiveCfg = Release|x64
		{F1B30806-B1CA-430C-A9A5-8D0626D1833A}.Release|x64.Build.0 = Release|x64
		{F1B30806-B1CA-430C-A9A5-8D0626D1833A}.Release|x86.ActiveCfg = Release|x64
		{F1B30806-B1CA-430C-A9A5-8D0626D1833A}.Release|x86.Build.0 = Release|x64
		{254ED7F5-4891-44D2-A6BD-F5B3891EDDBF}.Debug|x64.ActiveCfg = Debug|x64
		{254ED7F5-4891-44D2-A6BD-F5B3891EDDBF}.Debug|x64.Build.0 = Debug|x64
		{254ED7F5-4891-44D2-A6BD-F5B3891EDDBF}.Debug|x86.ActiveCfg = Debug|x64
		{254ED7F5-4891-44D2-A6BD-F5B3891EDDBF}.Debug|x86.Build.0 = Debug|x64
		{254ED7F5-4891-44D2-A6BD-F5B3891EDDBF}.Release|x64.ActiveCfg = Release|x64
		{254ED7F5-4891-44D2-A6BD-F5B3891EDDBF}.Release|x64.Build.0 = Release|x64
		{254ED7F5-4891-44D2-A6BD-F5B3891EDDBF}.Release|x86.ActiveCfg = Release|x64
		{254ED7F5-4891-44D2-A6BD-F5B3891EDDBF}.Release|x86.Build.0 = Release|x64
		{B4A8CCF5-B59C-4509-84BE-6F4CB29EBD0D}.Debug|x64.ActiveCfg = Debug|x64
		{B4A8CCF5-B59C-4509-84BE-6F4CB29EBD0D}.Debug|x64.Build.0 = Debug|x64
		{B4A8CCF5-B59C-4509-84BE-6F4CB29EBD0D}.Debug|x86.ActiveCfg = Debug|x64
		{B4A8CCF5-B59C-4509-84BE-6F4CB29EBD0D}.Debug|x86.Build.0 = Debug|x64
		{B4A8CCF5-B59C-4509-84BE-6F4CB29EBD0D}.Release|x64.ActiveCfg = Release|x64
		{B4A8CCF5-B59C-4509-84BE-6F4CB29EBD0D}.Release|x64.Build.0 = Release|x64
		{B4A8CCF5-B59C-4509-84BE-6F4CB29EBD0D}.Release|x86.ActiveCfg = Release|x64
		{B4A8CCF5-B59C-4509-84BE-6F4CB29EBD0D}.Release|x86.Build.0 = Release|x64
		{E81F2717-1C0F-4BA3-81D7-5505E57944B6}.Debug|x64.ActiveCfg = Debug|x64
		{E81F2717-1C0F-4BA3-81D7-5505E57944B6}.Debug|x64.Build.0 = Debug|x64
		{E81F2717-1C0F-4BA3-81D7-5505E57944B6}.Debug|x86.ActiveCfg = Debug|x64
		{E81F2717-1C0F-4BA3-81D7-5505E57944B6}.Debug|x86.Build.0 = Debug|x64
		{E81F2717-1C0F-4BA3-81D7-5505E57944B6}.Release|x64.ActiveCfg = Release|x64
		{E81F2717-1C0F-4BA3-81D7-5505E57944B6}.Release|x64.Build.0 = Release|x64
		{E81F2717-1C0F-4BA3-81D7-5505E57944B6}.Release|x86.ActiveCfg = Release|x64
		{E81F2717-1C0F-4BA3-81D7-5505E57944B6}.Release|x86.Build.0 = Release|x64
		{4FB1CB67-118B-4979-8849-54152CF7BBFD}.Debug|x64.ActiveCfg = Debug|x64
		{4FB1CB67-118B-4979-8849-54152CF7BBFD}.Debug|x64.Build.0 = Debug|x64
		{4FB1CB67-118B-4979-8849-54152CF7BBFD}.Debug|x86.ActiveCfg = Debug|x64
		{4FB1CB67-118B-4979-8849-54152CF7BBFD}.Debug|x86.Build.0 = Debug|x64
		{4FB1CB67-118B-4979-8849-54152CF7BBFD}.Release|x64.ActiveCfg = Release|x64
		{4FB1CB67-118B-4979-8849-54152CF7BBFD}.Release|x64.Build.0 = Release|x64
		{4FB1CB67-118B-4979-8849-54152CF7BBFD}.Release|x86.ActiveCfg = Release|x64
		{4FB1CB67-118B-4979-8849-54152CF7BBFD}.Release|x86.Build.0 = Release|x64
		{BAEDEC3C-2535-4885-B9B3-BEA490A8FDC6}.Debug|x64.ActiveCfg = Debug|x64
		{BAEDEC3C-2535-4885-B9B3-BEA490A8FDC6}.Debug|x64.Build.0 = Debug|x64
		{BAEDEC3C-2535-4885-B9B3-BEA490A8FDC6}.Debug|x86.ActiveCfg = Debug|Win32
		{BAEDEC3C-2535-4885-B9B3-BEA490A8FDC6}.Debug|x86.Build.0 = Debug|Win32
		{BAEDEC3C-2535-4885-B9B3-BEA490A8FDC6}.Release|x64.ActiveCfg = Release|x64
		{BAEDEC3C-2535-4885-B9B3-BEA490A8FDC6}.Release|x64.Build.0 = Release|x64
		{BAEDEC3C-2535-4885-B9B3-BEA490A8FDC6}.Release|x86.ActiveCfg = Release|Win32
		{BAEDEC3C-2535-4885-B9B3-BEA490A8FDC6}.Release|x86.Build.0 = Release|Win32
		{254ED7F5-4891-44D2-B6BD-F5B3891DDFCF}.Debug|x64.ActiveCfg = Debug|x64
		{254ED7F5-4891-44D2-B6BD-F5B3891DDFCF}.Debug|x64.Build.0 = Debug|x64
		{254ED7F5-4891-44D2-B6BD-F5B3891DDFCF}.Debug|x86.ActiveCfg = Debug|x64
		{254ED7F5-4891-44D2-B6BD-F5B3891DDFCF}.Debug|x86.Build.0 = Debug|x64
		{254ED7F5-4891-44D2-B6BD-F5B3891DDFCF}.Release|x64.ActiveCfg = Release|x64
		{254ED7F5-4891-44D2-B6BD-F5B3891DDFCF}.Release|x64.Build.0 = Release|x64
		{254ED7F5-4891-44D2-B6BD-F5B3891DDFCF}.Release|x86.ActiveCfg = Release|x64
		{254ED7F5-4891-44D2-B6BD-F5B3891DDFCF}.Release|x86.Build.0 = Release|x64
		{A217C0D2-3564-46DE-9B1E-3E6AEF8605A2}.Debug|x64.ActiveCfg = Debug|x64
		{A217C0D2-3564-46DE-9B1E-3E6AEF8605A2}.Debug|x64.Build.0 = Debug|x64
		{A217C0D2-3564-46DE-9B1E-3E6AEF8605A2}.Debug|x86.ActiveCfg = Debug|x64
		{A217C0D2-3564-46DE-9B1E-3E6AEF8605A2}.Debug|x86.Build.0 = Debug|x64
		{A217C0D2-3564-46DE-9B1E-3E6AEF8605A2}.Release|x64.ActiveCfg = Release|x64
		{A217C0D2-3564-46DE-9B1E-3E6AEF8605A2}.Release|x64.Build.0 = Release|x64
		{A217C0D2-3564-46DE-9B1E-3E6AEF8605A2}.Release|x86.ActiveCfg = Release|x64
		{A217C0D2-3564-46DE-9B1E-3E6AEF8605A2}.Release|x86.Build.0 = Release|x64
		{BB29F043-6BEF-45A8-92D2-1819ECA0CFAF}.Debug|x64.ActiveCfg = Debug|x64
		{BB29F043-6BEF-45A8-92D2-1819ECA0CFAF}.Debug|x64.Build.0 = Debug|x64
		{BB29F043-6BEF-45A8-92D2-1819ECA0CFAF}.Debug|x86.ActiveCfg = Debug|x64
		{BB29F043-6BEF-45A8-92D2-1819ECA0CFAF}.Debug|x86.Build.0 = Debug|x64
		{BB29F043-6BEF-45A8-92D2-1819ECA0CFAF}.Release|x64.ActiveCfg = Release|x64
		{BB29F043-6BEF-45A8-92D2-1819ECA0CFAF}.Release|x64.Build.0 = Release|x64
		{BB29F043-6BEF-45A8-92D2-1819ECA0CFAF}.Release|x86.ActiveCfg = Release|x64
		{BB29F043-6BEF-45A8-92D2-1819ECA0CFAF}.Release|x86.Build.0 = Release|x64
		{37C2A9A8-D2CF-46A0-82FC-5537AD5BA87F}.Debug|x64.ActiveCfg = Debug|x64
		{37C2A9A8-D2CF-46A0-82FC-5537AD5BA87F}.Debug|x64.Build.0 = Debug|x64
		{37C2A9A8-D2CF-46A0-82FC-5537AD5BA87F}.Debug|x86.ActiveCfg = Debug|x64
		{37C2A9A8-D2CF-46A0-82FC-5537AD5BA87F}.Debug|x86.Build.0 = Debug|x64
		{37C2A9A8-D2CF-46A0-82FC-5537AD5BA87F}.Release|x64.ActiveCfg = Release|x64
		{37C2A9A8-D2CF-46A0-82FC-5537AD5BA87F}.Release|x64.Build.0 = Release|x64
		{37C2A9A8-D2CF-46A0-82FC-5537AD5BA87F}.Release|x86.ActiveCfg = Release|x64
		{37C2A9A8-D2CF-46A0-82FC-5537AD5BA87F}.Release|x86.Build.0 = Release|x64
		{5C2C5E9B-E988-4742-8EE2-33DB6299E8D6}.Debug|x64.ActiveCfg = Debug|x64
		{5C2C5E9B-E988-4742-8EE2-33DB6299E8D6}.Debug|x64.Build.0 = Debug|x64
		{5C2C5E9B-E988-4742-8EE2-33DB6299E8D6}.Debug|x86.ActiveCfg = Debug|x64
		{5C2C5E9B-E988-4742-8EE2-33DB6299E8D6}.Debug|x86.Build.0 = Debug|x64
		{5C2C5E9B-E988-4742-8EE2-33DB6299E8D6}.Release|x64.ActiveCfg = Release|x64
		{5C2C5E9B-E988-4742-8EE2-33DB6299E8D6}.Release|x64.Build.0 = Release|x64
		{5C2C5E9B-E988-4742-8EE2-33DB6299E8D6}.Release|x86.ActiveCfg = Release|x64
		{5C2C5E9B-E988-4742-8EE2-33DB6299E8D6}.Release|x86.Build.0 = Release|x64
		{37B166F4-537E-4EE9-B5A0-B8768AF06414}.Debug|x64.ActiveCfg = Debug|x64
		{37B166F4-537E-4EE9-B5A0-B8768AF06414}.Debug|x64.Build.0 = Debug|x64
		{37B166F4-537E-4EE9-B5A0-B8768AF06414}.Debug|x86.ActiveCfg = Debug|x64
		{37B166F4-537E-4EE9-B5A0-B8768AF06414}.Debug|x86.Build.0 = Debug|x64
		{37B166F4-537E-4EE9-B5A0-B8768AF06414}.Release|x64.ActiveCfg = Release|x64
		{37B166F4-537E-4EE9-B5A0-B8768AF06414}.Release|x64.Build.0 = Release|x64
		{37B166F4-537E-4EE9-B5A0-B8768AF06414}.Release|x86.ActiveCfg = Release|x64
		{37B166F4-537E-4EE9-B5A0-B8768AF06414}.Release|x86.Build.0 = Release|x64
	EndGlobalSection
	GlobalSection(SolutionProperties) = preSolution
		HideSolutionNode = FALSE
	EndGlobalSection
	GlobalSection(ExtensibilityGlobals) = postSolution
		SolutionGuid = {DEC88646-BCB0-4862-A494-3DEA7DBC96B4}
	EndGlobalSection
EndGlobal
